
Microsoft Visual Studio Solution File, Format Version 11.00
# Visual Studio 2010
Project("{FAE04EC0-301F-11D3-BF4B-00C04F79EFBC}") = "CustomActionBar", "CustomActionBar.csproj", "{462F7E49-B89D-4970-BA48-937FFC87B3A1}"
EndProject
Global
	GlobalSection(SolutionConfigurationPlatforms) = preSolution
		Debug|Any CPU = Debug|Any CPU
		Release|Any CPU = Release|Any CPU
	EndGlobalSection
	GlobalSection(ProjectConfigurationPlatforms) = postSolution
		{462F7E49-B89D-4970-BA48-937FFC87B3A1}.Debug|Any CPU.ActiveCfg = Debug|Any CPU
		{462F7E49-B89D-4970-BA48-937FFC87B3A1}.Debug|Any CPU.Build.0 = Debug|Any CPU
		{462F7E49-B89D-4970-BA48-937FFC87B3A1}.Release|Any CPU.ActiveCfg = Release|Any CPU
		{462F7E49-B89D-4970-BA48-937FFC87B3A1}.Release|Any CPU.Build.0 = Release|Any CPU
	EndGlobalSection
	GlobalSection(MonoDevelopProperties) = preSolution
		StartupItem = CustomActionBar.csproj
	EndGlobalSection
EndGlobal
